
Microsoft Visual Studio Solution File, Format Version 12.00
# Visual Studio 15
Project("{FAE04EC0-301F-11D3-BF4B-00C04F79EFBC}") = "Assembly-CSharp", "Assembly-CSharp.csproj", "{2E6D995C-9E63-82E9-15C8-89BBB2608ACA}"
EndProject
Project("{FAE04EC0-301F-11D3-BF4B-00C04F79EFBC}") = "Assembly-CSharp-Editor", "Assembly-CSharp-Editor.csproj", "{CBD43136-4A93-C331-34FF-64410419F302}"
EndProject
Global
	GlobalSection(SolutionConfigurationPlatforms) = preSolution
		Debug|Any CPU = Debug|Any CPU
		Release|Any CPU = Release|Any CPU
	EndGlobalSection
	GlobalSection(ProjectConfigurationPlatforms) = postSolution
		{2E6D995C-9E63-82E9-15C8-89BBB2608ACA}.Debug|Any CPU.ActiveCfg = Debug|Any CPU
		{2E6D995C-9E63-82E9-15C8-89BBB2608ACA}.Debug|Any CPU.Build.0 = Debug|Any CPU
		{2E6D995C-9E63-82E9-15C8-89BBB2608ACA}.Release|Any CPU.ActiveCfg = Release|Any CPU
		{2E6D995C-9E63-82E9-15C8-89BBB2608ACA}.Release|Any CPU.Build.0 = Release|Any CPU
		{CBD43136-4A93-C331-34FF-64410419F302}.Debug|Any CPU.ActiveCfg = Debug|Any CPU
		{CBD43136-4A93-C331-34FF-64410419F302}.Debug|Any CPU.Build.0 = Debug|Any CPU
		{CBD43136-4A93-C331-34FF-64410419F302}.Release|Any CPU.ActiveCfg = Release|Any CPU
		{CBD43136-4A93-C331-34FF-64410419F302}.Release|Any CPU.Build.0 = Release|Any CPU
	EndGlobalSection
	GlobalSection(SolutionProperties) = preSolution
		HideSolutionNode = FALSE
	EndGlobalSection
EndGlobal
